// !$*UTF8*$!
{
	archiveVersion = 1;
	classes = {
	};
	objectVersion = 46;
	objects = {

/* Begin PBXBuildFile section */
		17CC3E9C1D8433C500DF1EB7 /* AppDelegate.swift in Sources */ = {isa = PBXBuildFile; fileRef = 17CC3E9B1D8433C500DF1EB7 /* AppDelegate.swift */; };
		17CC3E9E1D8433C500DF1EB7 /* ViewController.swift in Sources */ = {isa = PBXBuildFile; fileRef = 17CC3E9D1D8433C500DF1EB7 /* ViewController.swift */; };
		17CC3EA11D8433C500DF1EB7 /* Main.storyboard in Resources */ = {isa = PBXBuildFile; fileRef = 17CC3E9F1D8433C500DF1EB7 /* Main.storyboard */; };
		17CC3EA41D8433C500DF1EB7 /* Youtub.xcdatamodeld in Sources */ = {isa = PBXBuildFile; fileRef = 17CC3EA21D8433C500DF1EB7 /* Youtub.xcdatamodeld */; };
		17CC3EA61D8433C500DF1EB7 /* Assets.xcassets in Resources */ = {isa = PBXBuildFile; fileRef = 17CC3EA51D8433C500DF1EB7 /* Assets.xcassets */; };
		17CC3EA91D8433C500DF1EB7 /* LaunchScreen.storyboard in Resources */ = {isa = PBXBuildFile; fileRef = 17CC3EA71D8433C500DF1EB7 /* LaunchScreen.storyboard */; };
		17CC3EB41D8433C600DF1EB7 /* YoutubTests.swift in Sources */ = {isa = PBXBuildFile; fileRef = 17CC3EB31D8433C600DF1EB7 /* YoutubTests.swift */; };
		17CC3EBF1D8433C600DF1EB7 /* YoutubUITests.swift in Sources */ = {isa = PBXBuildFile; fileRef = 17CC3EBE1D8433C600DF1EB7 /* YoutubUITests.swift */; };
/* End PBXBuildFile section */

/* Begin PBXContainerItemProxy section */
		17CC3EB01D8433C600DF1EB7 /* PBXContainerItemProxy */ = {
			isa = PBXContainerItemProxy;
			containerPortal = 17CC3E901D8433C400DF1EB7 /* Project object */;
			proxyType = 1;
			remoteGlobalIDString = 17CC3E971D8433C400DF1EB7;
			remoteInfo = Youtub;
		};
		17CC3EBB1D8433C600DF1EB7 /* PBXContainerItemProxy */ = {
			isa = PBXContainerItemProxy;
			containerPortal = 17CC3E901D8433C400DF1EB7 /* Project object */;
			proxyType = 1;
			remoteGlobalIDString = 17CC3E971D8433C400DF1EB7;
			remoteInfo = Youtub;
		};
/* End PBXContainerItemProxy section */

/* Begin PBXFileReference section */
		17CC3E981D8433C400DF1EB7 /* Youtub.app */ = {isa = PBXFileReference; explicitFileType = wrapper.application; includeInIndex = 0; path = Youtub.app; sourceTree = BUILT_PRODUCTS_DIR; };
		17CC3E9B1D8433C500DF1EB7 /* AppDelegate.swift */ = {isa = PBXFileReference; lastKnownFileType = sourcecode.swift; path = AppDelegate.swift; sourceTree = "<group>"; };
		17CC3E9D1D8433C500DF1EB7 /* ViewController.swift */ = {isa = PBXFileReference; lastKnownFileType = sourcecode.swift; path = ViewController.swift; sourceTree = "<group>"; };
		17CC3EA01D8433C500DF1EB7 /* Base */ = {isa = PBXFileReference; lastKnownFileType = file.storyboard; name = Base; path = Base.lproj/Main.storyboard; sourceTree = "<group>"; };
		17CC3EA31D8433C500DF1EB7 /* Youtub.xcdatamodel */ = {isa = PBXFileReference; lastKnownFileType = wrapper.xcdatamodel; path = Youtub.xcdatamodel; sourceTree = "<group>"; };
		17CC3EA51D8433C500DF1EB7 /* Assets.xcassets */ = {isa = PBXFileReference; lastKnownFileType = folder.assetcatalog; path = Assets.xcassets; sourceTree = "<group>"; };
		17CC3EA81D8433C500DF1EB7 /* Base */ = {isa = PBXFileReference; lastKnownFileType = file.storyboard; name = Base; path = Base.lproj/LaunchScreen.storyboard; sourceTree = "<group>"; };
		17CC3EAA1D8433C500DF1EB7 /* Info.plist */ = {isa = PBXFileReference; lastKnownFileType = text.plist.xml; path = Info.plist; sourceTree = "<group>"; };
		17CC3EAF1D8433C600DF1EB7 /* YoutubTests.xctest */ = {isa = PBXFileReference; explicitFileType = wrapper.cfbundle; includeInIndex = 0; path = YoutubTests.xctest; sourceTree = BUILT_PRODUCTS_DIR; };
		17CC3EB31D8433C600DF1EB7 /* YoutubTests.swift */ = {isa = PBXFileReference; lastKnownFileType = sourcecode.swift; path = YoutubTests.swift; sourceTree = "<group>"; };
		17CC3EB51D8433C600DF1EB7 /* Info.plist */ = {isa = PBXFileReference; lastKnownFileType = text.plist.xml; path = Info.plist; sourceTree = "<group>"; };
		17CC3EBA1D8433C600DF1EB7 /* YoutubUITests.xctest */ = {isa = PBXFileReference; explicitFileType = wrapper.cfbundle; includeInIndex = 0; path = YoutubUITests.xctest; sourceTree = BUILT_PRODUCTS_DIR; };
		17CC3EBE1D8433C600DF1EB7 /* YoutubUITests.swift */ = {isa = PBXFileReference; lastKnownFileType = sourcecode.swift; path = YoutubUITests.swift; sourceTree = "<group>"; };
		17CC3EC01D8433C600DF1EB7 /* Info.plist */ = {isa = PBXFileReference; lastKnownFileType = text.plist.xml; path = Info.plist; sourceTree = "<group>"; };
/* End PBXFileReference section */

/* Begin PBXFrameworksBuildPhase section */
		17CC3E951D8433C400DF1EB7 /* Frameworks */ = {
			isa = PBXFrameworksBuildPhase;
			buildActionMask = 2147483647;
			files = (
			);
			runOnlyForDeploymentPostprocessing = 0;
		};
		17CC3EAC1D8433C500DF1EB7 /* Frameworks */ = {
			isa = PBXFrameworksBuildPhase;
			buildActionMask = 2147483647;
			files = (
			);
			runOnlyForDeploymentPostprocessing = 0;
		};
		17CC3EB71D8433C600DF1EB7 /* Frameworks */ = {
			isa = PBXFrameworksBuildPhase;
			buildActionMask = 2147483647;
			files = (
			);
			runOnlyForDeploymentPostprocessing = 0;
		};
/* End PBXFrameworksBuildPhase section */

/* Begin PBXGroup section */
		17CC3E8F1D8433C400DF1EB7 = {
			isa = PBXGroup;
			children = (
				17CC3E9A1D8433C500DF1EB7 /* Youtub */,
				17CC3EB21D8433C600DF1EB7 /* YoutubTests */,
				17CC3EBD1D8433C600DF1EB7 /* YoutubUITests */,
				17CC3E991D8433C400DF1EB7 /* Products */,
			);
			sourceTree = "<group>";
		};
		17CC3E991D8433C400DF1EB7 /* Products */ = {
			isa = PBXGroup;
			children = (
				17CC3E981D8433C400DF1EB7 /* Youtub.app */,
				17CC3EAF1D8433C600DF1EB7 /* YoutubTests.xctest */,
				17CC3EBA1D8433C600DF1EB7 /* YoutubUITests.xctest */,
			);
			name = Products;
			sourceTree = "<group>";
		};
		17CC3E9A1D8433C500DF1EB7 /* Youtub */ = {
			isa = PBXGroup;
			children = (
				17CC3E9B1D8433C500DF1EB7 /* AppDelegate.swift */,
				17CC3E9D1D8433C500DF1EB7 /* ViewController.swift */,
				17CC3E9F1D8433C500DF1EB7 /* Main.storyboard */,
				17CC3EA51D8433C500DF1EB7 /* Assets.xcassets */,
				17CC3EA71D8433C500DF1EB7 /* LaunchScreen.storyboard */,
				17CC3EAA1D8433C500DF1EB7 /* Info.plist */,
				17CC3EA21D8433C500DF1EB7 /* Youtub.xcdatamodeld */,
			);
			path = Youtub;
			sourceTree = "<group>";
		};
		17CC3EB21D8433C600DF1EB7 /* YoutubTests */ = {
			isa = PBXGroup;
			children = (
				17CC3EB31D8433C600DF1EB7 /* YoutubTests.swift */,
				17CC3EB51D8433C600DF1EB7 /* Info.plist */,
			);
			path = YoutubTests;
			sourceTree = "<group>";
		};
		17CC3EBD1D8433C600DF1EB7 /* YoutubUITests */ = {
			isa = PBXGroup;
			children = (
				17CC3EBE1D8433C600DF1EB7 /* YoutubUITests.swift */,
				17CC3EC01D8433C600DF1EB7 /* Info.plist */,
			);
			path = YoutubUITests;
			sourceTree = "<group>";
		};
/* End PBXGroup section */

/* Begin PBXNativeTarget section */
		17CC3E971D8433C400DF1EB7 /* Youtub */ = {
			isa = PBXNativeTarget;
			buildConfigurationList = 17CC3EC31D8433C600DF1EB7 /* Build configuration list for PBXNativeTarget "Youtub" */;
			buildPhases = (
				17CC3E941D8433C400DF1EB7 /* Sources */,
				17CC3E951D8433C400DF1EB7 /* Frameworks */,
				17CC3E961D8433C400DF1EB7 /* Resources */,
			);
			buildRules = (
			);
			dependencies = (
			);
			name = Youtub;
			productName = Youtub;
			productReference = 17CC3E981D8433C400DF1EB7 /* Youtub.app */;
			productType = "com.apple.product-type.application";
		};
		17CC3EAE1D8433C500DF1EB7 /* YoutubTests */ = {
			isa = PBXNativeTarget;
			buildConfigurationList = 17CC3EC61D8433C600DF1EB7 /* Build configuration list for PBXNativeTarget "YoutubTests" */;
			buildPhases = (
				17CC3EAB1D8433C500DF1EB7 /* Sources */,
				17CC3EAC1D8433C500DF1EB7 /* Frameworks */,
				17CC3EAD1D8433C500DF1EB7 /* Resources */,
			);
			buildRules = (
			);
			dependencies = (
				17CC3EB11D8433C600DF1EB7 /* PBXTargetDependency */,
			);
			name = YoutubTests;
			productName = YoutubTests;
			productReference = 17CC3EAF1D8433C600DF1EB7 /* YoutubTests.xctest */;
			productType = "com.apple.product-type.bundle.unit-test";
		};
		17CC3EB91D8433C600DF1EB7 /* YoutubUITests */ = {
			isa = PBXNativeTarget;
			buildConfigurationList = 17CC3EC91D8433C600DF1EB7 /* Build configuration list for PBXNativeTarget "YoutubUITests" */;
			buildPhases = (
				17CC3EB61D8433C600DF1EB7 /* Sources */,
				17CC3EB71D8433C600DF1EB7 /* Frameworks */,
				17CC3EB81D8433C600DF1EB7 /* Resources */,
			);
			buildRules = (
			);
			dependencies = (
				17CC3EBC1D8433C600DF1EB7 /* PBXTargetDependency */,
			);
			name = YoutubUITests;
			productName = YoutubUITests;
			productReference = 17CC3EBA1D8433C600DF1EB7 /* YoutubUITests.xctest */;
			productType = "com.apple.product-type.bundle.ui-testing";
		};
/* End PBXNativeTarget section */

/* Begin PBXProject section */
		17CC3E901D8433C400DF1EB7 /* Project object */ = {
			isa = PBXProject;
			attributes = {
				LastSwiftUpdateCheck = 0720;
				LastUpgradeCheck = 0720;
				ORGANIZATIONNAME = "Anand tellabati";
				TargetAttributes = {
					17CC3E971D8433C400DF1EB7 = {
						CreatedOnToolsVersion = 7.2.1;
					};
					17CC3EAE1D8433C500DF1EB7 = {
						CreatedOnToolsVersion = 7.2.1;
						TestTargetID = 17CC3E971D8433C400DF1EB7;
					};
					17CC3EB91D8433C600DF1EB7 = {
						CreatedOnToolsVersion = 7.2.1;
						TestTargetID = 17CC3E971D8433C400DF1EB7;
					};
				};
			};
			buildConfigurationList = 17CC3E931D8433C400DF1EB7 /* Build configuration list for PBXProject "Youtub" */;
			compatibilityVersion = "Xcode 3.2";
			developmentRegion = English;
			hasScannedForEncodings = 0;
			knownRegions = (
				en,
				Base,
			);
			mainGroup = 17CC3E8F1D8433C400DF1EB7;
			productRefGroup = 17CC3E991D8433C400DF1EB7 /* Products */;
			projectDirPath = "";
			projectRoot = "";
			targets = (
				17CC3E971D8433C400DF1EB7 /* Youtub */,
				17CC3EAE1D8433C500DF1EB7 /* YoutubTests */,
				17CC3EB91D8433C600DF1EB7 /* YoutubUITests */,
			);
		};
/* End PBXProject section */

/* Begin PBXResourcesBuildPhase section */
		17CC3E961D8433C400DF1EB7 /* Resources */ = {
			isa = PBXResourcesBuildPhase;
			buildActionMask = 2147483647;
			files = (
				17CC3EA91D8433C500DF1EB7 /* LaunchScreen.storyboard in Resources */,
				17CC3EA61D8433C500DF1EB7 /* Assets.xcassets in Resources */,
				17CC3EA11D8433C500DF1EB7 /* Main.storyboard in Resources */,
			);
			runOnlyForDeploymentPostprocessing = 0;
		};
		17CC3EAD1D8433C500DF1EB7 /* Resources */ = {
			isa = PBXResourcesBuildPhase;
			buildActionMask = 2147483647;
			files = (
			);
			runOnlyForDeploymentPostprocessing = 0;
		};
		17CC3EB81D8433C600DF1EB7 /* Resources */ = {
			isa = PBXResourcesBuildPhase;
			buildActionMask = 2147483647;
			files = (
			);
			runOnlyForDeploymentPostprocessing = 0;
		};
/* End PBXResourcesBuildPhase section */

/* Begin PBXSourcesBuildPhase section */
		17CC3E941D8433C400DF1EB7 /* Sources */ = {
			isa = PBXSourcesBuildPhase;
			buildActionMask = 2147483647;
			files = (
				17CC3E9E1D8433C500DF1EB7 /* ViewController.swift in Sources */,
				17CC3E9C1D8433C500DF1EB7 /* AppDelegate.swift in Sources */,
				17CC3EA41D8433C500DF1EB7 /* Youtub.xcdatamodeld in Sources */,
			);
			runOnlyForDeploymentPostprocessing = 0;
		};
		17CC3EAB1D8433C500DF1EB7 /* Sources */ = {
			isa = PBXSourcesBuildPhase;
			buildActionMask = 2147483647;
			files = (
				17CC3EB41D8433C600DF1EB7 /* YoutubTests.swift in Sources */,
			);
			runOnlyForDeploymentPostprocessing = 0;
		};
		17CC3EB61D8433C600DF1EB7 /* Sources */ = {
			isa = PBXSourcesBuildPhase;
			buildActionMask = 2147483647;
			files = (
				17CC3EBF1D8433C600DF1EB7 /* YoutubUITests.swift in Sources */,
			);
			runOnlyForDeploymentPostprocessing = 0;
		};
/* End PBXSourcesBuildPhase section */

/* Begin PBXTargetDependency section */
		17CC3EB11D8433C600DF1EB7 /* PBXTargetDependency */ = {
			isa = PBXTargetDependency;
			target = 17CC3E971D8433C400DF1EB7 /* Youtub */;
			targetProxy = 17CC3EB01D8433C600DF1EB7 /* PBXContainerItemProxy */;
		};
		17CC3EBC1D8433C600DF1EB7 /* PBXTargetDependency */ = {
			isa = PBXTargetDependency;
			target = 17CC3E971D8433C400DF1EB7 /* Youtub */;
			targetProxy = 17CC3EBB1D8433C600DF1EB7 /* PBXContainerItemProxy */;
		};
/* End PBXTargetDependency section */

/* Begin PBXVariantGroup section */
		17CC3E9F1D8433C500DF1EB7 /* Main.storyboard */ = {
			isa = PBXVariantGroup;
			children = (
				17CC3EA01D8433C500DF1EB7 /* Base */,
			);
			name = Main.storyboard;
			sourceTree = "<group>";
		};
		17CC3EA71D8433C500DF1EB7 /* LaunchScreen.storyboard */ = {
			isa = PBXVariantGroup;
			children = (
				17CC3EA81D8433C500DF1EB7 /* Base */,
			);
			name = LaunchScreen.storyboard;
			sourceTree = "<group>";
		};
/* End PBXVariantGroup section */

/* Begin XCBuildConfiguration section */
		17CC3EC11D8433C600DF1EB7 /* Debug */ = {
			isa = XCBuildConfiguration;
			buildSettings = {
				ALWAYS_SEARCH_USER_PATHS = NO;
				CLANG_CXX_LANGUAGE_STANDARD = "gnu++0x";
				CLANG_CXX_LIBRARY = "libc++";
				CLANG_ENABLE_MODULES = YES;
				CLANG_ENABLE_OBJC_ARC = YES;
				CLANG_WARN_BOOL_CONVERSION = YES;
				CLANG_WARN_CONSTANT_CONVERSION = YES;
				CLANG_WARN_DIRECT_OBJC_ISA_USAGE = YES_ERROR;
				CLANG_WARN_EMPTY_BODY = YES;
				CLANG_WARN_ENUM_CONVERSION = YES;
				CLANG_WARN_INT_CONVERSION = YES;
				CLANG_WARN_OBJC_ROOT_CLASS = YES_ERROR;
				CLANG_WARN_UNREACHABLE_CODE = YES;
				CLANG_WARN__DUPLICATE_METHOD_MATCH = YES;
				"CODE_SIGN_IDENTITY[sdk=iphoneos*]" = "iPhone Developer";
				COPY_PHASE_STRIP = NO;
				DEBUG_INFORMATION_FORMAT = dwarf;
				ENABLE_STRICT_OBJC_MSGSEND = YES;
				ENABLE_TESTABILITY = YES;
				GCC_C_LANGUAGE_STANDARD = gnu99;
				GCC_DYNAMIC_NO_PIC = NO;
				GCC_NO_COMMON_BLOCKS = YES;
				GCC_OPTIMIZATION_LEVEL = 0;
				GCC_PREPROCESSOR_DEFINITIONS = (
					"DEBUG=1",
					"$(inherited)",
				);
				GCC_WARN_64_TO_32_BIT_CONVERSION = YES;
				GCC_WARN_ABOUT_RETURN_TYPE = YES_ERROR;
				GCC_WARN_UNDECLARED_SELECTOR = YES;
				GCC_WARN_UNINITIALIZED_AUTOS = YES_AGGRESSIVE;
				GCC_WARN_UNUSED_FUNCTION = YES;
				GCC_WARN_UNUSED_VARIABLE = YES;
				IPHONEOS_DEPLOYMENT_TARGET = 9.2;
				MTL_ENABLE_DEBUG_INFO = YES;
				ONLY_ACTIVE_ARCH = YES;
				SDKROOT = iphoneos;
				SWIFT_OPTIMIZATION_LEVEL = "-Onone";
				TARGETED_DEVICE_FAMILY = "1,2";
			};
			name = Debug;
		};
		17CC3EC21D8433C600DF1EB7 /* Release */ = {
			isa = XCBuildConfiguration;
			buildSettings = {
				ALWAYS_SEARCH_USER_PATHS = NO;
				CLANG_CXX_LANGUAGE_STANDARD = "gnu++0x";
				CLANG_CXX_LIBRARY = "libc++";
				CLANG_ENABLE_MODULES = YES;
				CLANG_ENABLE_OBJC_ARC = YES;
				CLANG_WARN_BOOL_CONVERSION = YES;
				CLANG_WARN_CONSTANT_CONVERSION = YES;
				CLANG_WARN_DIRECT_OBJC_ISA_USAGE = YES_ERROR;
				CLANG_WARN_EMPTY_BODY = YES;
				CLANG_WARN_ENUM_CONVERSION = YES;
				CLANG_WARN_INT_CONVERSION = YES;
				CLANG_WARN_OBJC_ROOT_CLASS = YES_ERROR;
				CLANG_WARN_UNREACHABLE_CODE = YES;
				CLANG_WARN__DUPLICATE_METHOD_MATCH = YES;
				"CODE_SIGN_IDENTITY[sdk=iphoneos*]" = "iPhone Developer";
				COPY_PHASE_STRIP = NO;
				DEBUG_INFORMATION_FORMAT = "dwarf-with-dsym";
				ENABLE_NS_ASSERTIONS = NO;
				ENABLE_STRICT_OBJC_MSGSEND = YES;
				GCC_C_LANGUAGE_STANDARD = gnu99;
				GCC_NO_COMMON_BLOCKS = YES;
				GCC_WARN_64_TO_32_BIT_CONVERSION = YES;
				GCC_WARN_ABOUT_RETURN_TYPE = YES_ERROR;
				GCC_WARN_UNDECLARED_SELECTOR = YES;
				GCC_WARN_UNINITIALIZED_AUTOS = YES_AGGRESSIVE;
				GCC_WARN_UNUSED_FUNCTION = YES;
				GCC_WARN_UNUSED_VARIABLE = YES;
				IPHONEOS_DEPLOYMENT_TARGET = 9.2;
				MTL_ENABLE_DEBUG_INFO = NO;
				SDKROOT = iphoneos;
				TARGETED_DEVICE_FAMILY = "1,2";
				VALIDATE_PRODUCT = YES;
			};
			name = Release;
		};
		17CC3EC41D8433C600DF1EB7 /* Debug */ = {
			isa = XCBuildConfiguration;
			buildSettings = {
				ASSETCATALOG_COMPILER_APPICON_NAME = AppIcon;
				INFOPLIST_FILE = Youtub/Info.plist;
				LD_RUNPATH_SEARCH_PATHS = "$(inherited) @executable_path/Frameworks";
				PRODUCT_BUNDLE_IDENTIFIER = com.friendssuport.Youtub;
				PRODUCT_NAME = "$(TARGET_NAME)";
			};
			name = Debug;
		};
		17CC3EC51D8433C600DF1EB7 /* Release */ = {
			isa = XCBuildConfiguration;
			buildSettings = {
				ASSETCATALOG_COMPILER_APPICON_NAME = AppIcon;
				INFOPLIST_FILE = Youtub/Info.plist;
				LD_RUNPATH_SEARCH_PATHS = "$(inherited) @executable_path/Frameworks";
				PRODUCT_BUNDLE_IDENTIFIER = com.friendssuport.Youtub;
				PRODUCT_NAME = "$(TARGET_NAME)";
			};
			name = Release;
		};
		17CC3EC71D8433C600DF1EB7 /* Debug */ = {
			isa = XCBuildConfiguration;
			buildSettings = {
				BUNDLE_LOADER = "$(TEST_HOST)";
				INFOPLIST_FILE = YoutubTests/Info.plist;
				LD_RUNPATH_SEARCH_PATHS = "$(inherited) @executable_path/Frameworks @loader_path/Frameworks";
				PRODUCT_BUNDLE_IDENTIFIER = com.friendssuport.YoutubTests;
				PRODUCT_NAME = "$(TARGET_NAME)";
				TEST_HOST = "$(BUILT_PRODUCTS_DIR)/Youtub.app/Youtub";
			};
			name = Debug;
		};
		17CC3EC81D8433C600DF1EB7 /* Release */ = {
			isa = XCBuildConfiguration;
			buildSettings = {
				BUNDLE_LOADER = "$(TEST_HOST)";
				INFOPLIST_FILE = YoutubTests/Info.plist;
				LD_RUNPATH_SEARCH_PATHS = "$(inherited) @executable_path/Frameworks @loader_path/Frameworks";
				PRODUCT_BUNDLE_IDENTIFIER = com.friendssuport.YoutubTests;
				PRODUCT_NAME = "$(TARGET_NAME)";
				TEST_HOST = "$(BUILT_PRODUCTS_DIR)/Youtub.app/Youtub";
			};
			name = Release;
		};
		17CC3ECA1D8433C600DF1EB7 /* Debug */ = {
			isa = XCBuildConfiguration;
			buildSettings = {
				INFOPLIST_FILE = YoutubUITests/Info.plist;
				LD_RUNPATH_SEARCH_PATHS = "$(inherited) @executable_path/Frameworks @loader_path/Frameworks";
				PRODUCT_BUNDLE_IDENTIFIER = com.friendssuport.YoutubUITests;
				PRODUCT_NAME = "$(TARGET_NAME)";
				TEST_TARGET_NAME = Youtub;
				USES_XCTRUNNER = YES;
			};
			name = Debug;
		};
		17CC3ECB1D8433C600DF1EB7 /* Release */ = {
			isa = XCBuildConfiguration;
			buildSettings = {
				INFOPLIST_FILE = YoutubUITests/Info.plist;
				LD_RUNPATH_SEARCH_PATHS = "$(inherited) @executable_path/Frameworks @loader_path/Frameworks";
				PRODUCT_BUNDLE_IDENTIFIER = com.friendssuport.YoutubUITests;
				PRODUCT_NAME = "$(TARGET_NAME)";
				TEST_TARGET_NAME = Youtub;
				USES_XCTRUNNER = YES;
			};
			name = Release;
		};
/* End XCBuildConfiguration section */

/* Begin XCConfigurationList section */
		17CC3E931D8433C400DF1EB7 /* Build configuration list for PBXProject "Youtub" */ = {
			isa = XCConfigurationList;
			buildConfigurations = (
				17CC3EC11D8433C600DF1EB7 /* Debug */,
				17CC3EC21D8433C600DF1EB7 /* Release */,
			);
			defaultConfigurationIsVisible = 0;
			defaultConfigurationName = Release;
		};
		17CC3EC31D8433C600DF1EB7 /* Build configuration list for PBXNativeTarget "Youtub" */ = {
			isa = XCConfigurationList;
			buildConfigurations = (
				17CC3EC41D8433C600DF1EB7 /* Debug */,
				17CC3EC51D8433C600DF1EB7 /* Release */,
			);
			defaultConfigurationIsVisible = 0;
		};
		17CC3EC61D8433C600DF1EB7 /* Build configuration list for PBXNativeTarget "YoutubTests" */ = {
			isa = XCConfigurationList;
			buildConfigurations = (
				17CC3EC71D8433C600DF1EB7 /* Debug */,
				17CC3EC81D8433C600DF1EB7 /* Release */,
			);
			defaultConfigurationIsVisible = 0;
		};
		17CC3EC91D8433C600DF1EB7 /* Build configuration list for PBXNativeTarget "YoutubUITests" */ = {
			isa = XCConfigurationList;
			buildConfigurations = (
				17CC3ECA1D8433C600DF1EB7 /* Debug */,
				17CC3ECB1D8433C600DF1EB7 /* Release */,
			);
			defaultConfigurationIsVisible = 0;
		};
/* End XCConfigurationList section */

/* Begin XCVersionGroup section */
		17CC3EA21D8433C500DF1EB7 /* Youtub.xcdatamodeld */ = {
			isa = XCVersionGroup;
			children = (
				17CC3EA31D8433C500DF1EB7 /* Youtub.xcdatamodel */,
			);
			currentVersion = 17CC3EA31D8433C500DF1EB7 /* Youtub.xcdatamodel */;
			path = Youtub.xcdatamodeld;
			sourceTree = "<group>";
			versionGroupType = wrapper.xcdatamodel;
		};
/* End XCVersionGroup section */
	};
	rootObject = 17CC3E901D8433C400DF1EB7 /* Project object */;
}
